
Microsoft Visual Studio Solution File, Format Version 12.00
# Visual Studio 15
VisualStudioVersion = 15.0.26124.0
MinimumVisualStudioVersion = 15.0.26124.0
Project("{FAE04EC0-301F-11D3-BF4B-00C04F79EFBC}") = "Blackjack", "Blackjack\Blackjack.csproj", "{37232513-8643-462A-9AE5-7D35C6E500B5}"
EndProject
Project("{FAE04EC0-301F-11D3-BF4B-00C04F79EFBC}") = "Blackjack.Tests", "BlackjackTests\Blackjack.Tests.csproj", "{CE6AF932-3ECE-4EE3-9278-7D464D33892C}"
EndProject
Global
	GlobalSection(SolutionConfigurationPlatforms) = preSolution
		Debug|Any CPU = Debug|Any CPU
		Debug|x64 = Debug|x64
		Debug|x86 = Debug|x86
		Release|Any CPU = Release|Any CPU
		Release|x64 = Release|x64
		Release|x86 = Release|x86
	EndGlobalSection
	GlobalSection(SolutionProperties) = preSolution
		HideSolutionNode = FALSE
	EndGlobalSection
	GlobalSection(ProjectConfigurationPlatforms) = postSolution
		{59EC5B59-D7EC-4405-A14A-C86CDD7E1AD2}.Debug|Any CPU.ActiveCfg = Debug|Any CPU
		{59EC5B59-D7EC-4405-A14A-C86CDD7E1AD2}.Debug|Any CPU.Build.0 = Debug|Any CPU
		{59EC5B59-D7EC-4405-A14A-C86CDD7E1AD2}.Debug|x64.ActiveCfg = Debug|Any CPU
		{59EC5B59-D7EC-4405-A14A-C86CDD7E1AD2}.Debug|x64.Build.0 = Debug|Any CPU
		{59EC5B59-D7EC-4405-A14A-C86CDD7E1AD2}.Debug|x86.ActiveCfg = Debug|Any CPU
		{59EC5B59-D7EC-4405-A14A-C86CDD7E1AD2}.Debug|x86.Build.0 = Debug|Any CPU
		{59EC5B59-D7EC-4405-A14A-C86CDD7E1AD2}.Release|Any CPU.ActiveCfg = Release|Any CPU
		{59EC5B59-D7EC-4405-A14A-C86CDD7E1AD2}.Release|Any CPU.Build.0 = Release|Any CPU
		{59EC5B59-D7EC-4405-A14A-C86CDD7E1AD2}.Release|x64.ActiveCfg = Release|Any CPU
		{59EC5B59-D7EC-4405-A14A-C86CDD7E1AD2}.Release|x64.Build.0 = Release|Any CPU
		{59EC5B59-D7EC-4405-A14A-C86CDD7E1AD2}.Release|x86.ActiveCfg = Release|Any CPU
		{59EC5B59-D7EC-4405-A14A-C86CDD7E1AD2}.Release|x86.Build.0 = Release|Any CPU
		{5E868559-1CC3-4986-9EFB-A193C6E7A86B}.Debug|Any CPU.ActiveCfg = Debug|Any CPU
		{5E868559-1CC3-4986-9EFB-A193C6E7A86B}.Debug|Any CPU.Build.0 = Debug|Any CPU
		{5E868559-1CC3-4986-9EFB-A193C6E7A86B}.Debug|x64.ActiveCfg = Debug|Any CPU
		{5E868559-1CC3-4986-9EFB-A193C6E7A86B}.Debug|x64.Build.0 = Debug|Any CPU
		{5E868559-1CC3-4986-9EFB-A193C6E7A86B}.Debug|x86.ActiveCfg = Debug|Any CPU
		{5E868559-1CC3-4986-9EFB-A193C6E7A86B}.Debug|x86.Build.0 = Debug|Any CPU
		{5E868559-1CC3-4986-9EFB-A193C6E7A86B}.Release|Any CPU.ActiveCfg = Release|Any CPU
		{5E868559-1CC3-4986-9EFB-A193C6E7A86B}.Release|Any CPU.Build.0 = Release|Any CPU
		{5E868559-1CC3-4986-9EFB-A193C6E7A86B}.Release|x64.ActiveCfg = Release|Any CPU
		{5E868559-1CC3-4986-9EFB-A193C6E7A86B}.Release|x64.Build.0 = Release|Any CPU
		{5E868559-1CC3-4986-9EFB-A193C6E7A86B}.Release|x86.ActiveCfg = Release|Any CPU
		{5E868559-1CC3-4986-9EFB-A193C6E7A86B}.Release|x86.Build.0 = Release|Any CPU
		{8F27EFA6-96A3-4D0A-B8BB-68717F9DAD5C}.Debug|Any CPU.ActiveCfg = Debug|Any CPU
		{8F27EFA6-96A3-4D0A-B8BB-68717F9DAD5C}.Debug|Any CPU.Build.0 = Debug|Any CPU
		{8F27EFA6-96A3-4D0A-B8BB-68717F9DAD5C}.Debug|x64.ActiveCfg = Debug|Any CPU
		{8F27EFA6-96A3-4D0A-B8BB-68717F9DAD5C}.Debug|x64.Build.0 = Debug|Any CPU
		{8F27EFA6-96A3-4D0A-B8BB-68717F9DAD5C}.Debug|x86.ActiveCfg = Debug|Any CPU
		{8F27EFA6-96A3-4D0A-B8BB-68717F9DAD5C}.Debug|x86.Build.0 = Debug|Any CPU
		{8F27EFA6-96A3-4D0A-B8BB-68717F9DAD5C}.Release|Any CPU.ActiveCfg = Release|Any CPU
		{8F27EFA6-96A3-4D0A-B8BB-68717F9DAD5C}.Release|Any CPU.Build.0 = Release|Any CPU
		{8F27EFA6-96A3-4D0A-B8BB-68717F9DAD5C}.Release|x64.ActiveCfg = Release|Any CPU
		{8F27EFA6-96A3-4D0A-B8BB-68717F9DAD5C}.Release|x64.Build.0 = Release|Any CPU
		{8F27EFA6-96A3-4D0A-B8BB-68717F9DAD5C}.Release|x86.ActiveCfg = Release|Any CPU
		{8F27EFA6-96A3-4D0A-B8BB-68717F9DAD5C}.Release|x86.Build.0 = Release|Any CPU
		{37232513-8643-462A-9AE5-7D35C6E500B5}.Debug|Any CPU.ActiveCfg = Debug|Any CPU
		{37232513-8643-462A-9AE5-7D35C6E500B5}.Debug|Any CPU.Build.0 = Debug|Any CPU
		{37232513-8643-462A-9AE5-7D35C6E500B5}.Debug|x64.ActiveCfg = Debug|Any CPU
		{37232513-8643-462A-9AE5-7D35C6E500B5}.Debug|x64.Build.0 = Debug|Any CPU
		{37232513-8643-462A-9AE5-7D35C6E500B5}.Debug|x86.ActiveCfg = Debug|Any CPU
		{37232513-8643-462A-9AE5-7D35C6E500B5}.Debug|x86.Build.0 = Debug|Any CPU
		{37232513-8643-462A-9AE5-7D35C6E500B5}.Release|Any CPU.ActiveCfg = Release|Any CPU
		{37232513-8643-462A-9AE5-7D35C6E500B5}.Release|Any CPU.Build.0 = Release|Any CPU
		{37232513-8643-462A-9AE5-7D35C6E500B5}.Release|x64.ActiveCfg = Release|Any CPU
		{37232513-8643-462A-9AE5-7D35C6E500B5}.Release|x64.Build.0 = Release|Any CPU
		{37232513-8643-462A-9AE5-7D35C6E500B5}.Release|x86.ActiveCfg = Release|Any CPU
		{37232513-8643-462A-9AE5-7D35C6E500B5}.Release|x86.Build.0 = Release|Any CPU
		{CE6AF932-3ECE-4EE3-9278-7D464D33892C}.Debug|Any CPU.ActiveCfg = Debug|Any CPU
		{CE6AF932-3ECE-4EE3-9278-7D464D33892C}.Debug|Any CPU.Build.0 = Debug|Any CPU
		{CE6AF932-3ECE-4EE3-9278-7D464D33892C}.Debug|x64.ActiveCfg = Debug|Any CPU
		{CE6AF932-3ECE-4EE3-9278-7D464D33892C}.Debug|x64.Build.0 = Debug|Any CPU
		{CE6AF932-3ECE-4EE3-9278-7D464D33892C}.Debug|x86.ActiveCfg = Debug|Any CPU
		{CE6AF932-3ECE-4EE3-9278-7D464D33892C}.Debug|x86.Build.0 = Debug|Any CPU
		{CE6AF932-3ECE-4EE3-9278-7D464D33892C}.Release|Any CPU.ActiveCfg = Release|Any CPU
		{CE6AF932-3ECE-4EE3-9278-7D464D33892C}.Release|Any CPU.Build.0 = Release|Any CPU
		{CE6AF932-3ECE-4EE3-9278-7D464D33892C}.Release|x64.ActiveCfg = Release|Any CPU
		{CE6AF932-3ECE-4EE3-9278-7D464D33892C}.Release|x64.Build.0 = Release|Any CPU
		{CE6AF932-3ECE-4EE3-9278-7D464D33892C}.Release|x86.ActiveCfg = Release|Any CPU
		{CE6AF932-3ECE-4EE3-9278-7D464D33892C}.Release|x86.Build.0 = Release|Any CPU
	EndGlobalSection
EndGlobal
